Microsoft Visual Studio Solution File, Format Version 12.00
# Visual Studio 17
VisualStudioVersion = 17.8.34322.80
MinimumVisualStudioVersion = 10.0.40219.1
Project("{2150E333-8FDC-42A3-9474-1A3956D46DE8}") = "1 - Api", "1 - Api", "{4DE5C998-50A7-4164-A9A4-20EB67E8FF63}"
EndProject
Project("{9A19103F-16F7-4668-BE54-9A1E7A4F7556}") = "AwsSecretsManager.Api", "AwsSecretsManager.Api\AwsSecretsManager.Api.csproj", "{E1DE9E69-C34C-4E4F-AD04-5DB869D3163F}"
EndProject
Project("{2150E333-8FDC-42A3-9474-1A3956D46DE8}") = "2 - Application", "2 - Application", "{D0241338-7351-4959-98C6-915AB22EE2FE}"
EndProject
Project("{9A19103F-16F7-4668-BE54-9A1E7A4F7556}") = "AwsSecretsManager.Application", "AwsSecretsManager.Application\AwsSecretsManager.Application.csproj", "{99D5EE40-3C8F-43FC-A5E0-8BB6B93AB159}"
EndProject
Project("{2150E333-8FDC-42A3-9474-1A3956D46DE8}") = "3 - Domain", "3 - Domain", "{B4AFA529-A188-4B7A-B542-E06FDF2DDBE7}"
EndProject
Project("{9A19103F-16F7-4668-BE54-9A1E7A4F7556}") = "AwsSecretsManager.Domain", "AwsSecretsManager.Domain\AwsSecretsManager.Domain.csproj", "{2BD77C8D-392E-4DDF-B19E-24D72B2C79DD}"
EndProject
Project("{2150E333-8FDC-42A3-9474-1A3956D46DE8}") = "4 - Infrastructure", "4 - Infrastructure", "{E05F0F0B-3F8D-435A-8215-586399A6A798}"
EndProject
Project("{9A19103F-16F7-4668-BE54-9A1E7A4F7556}") = "AwsSecretsManager.Infrastructure", "AwsSecretsManager.Infrastructure\AwsSecretsManager.Infrastructure.csproj", "{C3959843-5BA6-4F40-80C7-B74283137458}"
EndProject
Global
	GlobalSection(SolutionConfigurationPlatforms) = preSolution
		Debug|Any CPU = Debug|Any CPU
		Release|Any CPU = Release|Any CPU
	EndGlobalSection
	GlobalSection(SolutionProperties) = preSolution
		HideSolutionNode = FALSE
	EndGlobalSection
	GlobalSection(NestedProjects) = preSolution
		{E1DE9E69-C34C-4E4F-AD04-5DB869D3163F} = {4DE5C998-50A7-4164-A9A4-20EB67E8FF63}
		{99D5EE40-3C8F-43FC-A5E0-8BB6B93AB159} = {D0241338-7351-4959-98C6-915AB22EE2FE}
		{2BD77C8D-392E-4DDF-B19E-24D72B2C79DD} = {B4AFA529-A188-4B7A-B542-E06FDF2DDBE7}
		{C3959843-5BA6-4F40-80C7-B74283137458} = {E05F0F0B-3F8D-435A-8215-586399A6A798}
	EndGlobalSection
	GlobalSection(ProjectConfigurationPlatforms) = postSolution
		{E1DE9E69-C34C-4E4F-AD04-5DB869D3163F}.Debug|Any CPU.ActiveCfg = Debug|Any CPU
		{E1DE9E69-C34C-4E4F-AD04-5DB869D3163F}.Debug|Any CPU.Build.0 = Debug|Any CPU
		{E1DE9E69-C34C-4E4F-AD04-5DB869D3163F}.Release|Any CPU.ActiveCfg = Release|Any CPU
		{E1DE9E69-C34C-4E4F-AD04-5DB869D3163F}.Release|Any CPU.Build.0 = Release|Any CPU
		{99D5EE40-3C8F-43FC-A5E0-8BB6B93AB159}.Debug|Any CPU.ActiveCfg = Debug|Any CPU
		{99D5EE40-3C8F-43FC-A5E0-8BB6B93AB159}.Debug|Any CPU.Build.0 = Debug|Any CPU
		{99D5EE40-3C8F-43FC-A5E0-8BB6B93AB159}.Release|Any CPU.ActiveCfg = Release|Any CPU
		{99D5EE40-3C8F-43FC-A5E0-8BB6B93AB159}.Release|Any CPU.Build.0 = Release|Any CPU
		{2BD77C8D-392E-4DDF-B19E-24D72B2C79DD}.Debug|Any CPU.ActiveCfg = Debug|Any CPU
		{2BD77C8D-392E-4DDF-B19E-24D72B2C79DD}.Debug|Any CPU.Build.0 = Debug|Any CPU
		{2BD77C8D-392E-4DDF-B19E-24D72B2C79DD}.Release|Any CPU.ActiveCfg = Release|Any CPU
		{2BD77C8D-392E-4DDF-B19E-24D72B2C79DD}.Release|Any CPU.Build.0 = Release|Any CPU
		{C3959843-5BA6-4F40-80C7-B74283137458}.Debug|Any CPU.ActiveCfg = Debug|Any CPU
		{C3959843-5BA6-4F40-80C7-B74283137458}.Debug|Any CPU.Build.0 = Debug|Any CPU
		{C3959843-5BA6-4F40-80C7-B74283137458}.Release|Any CPU.ActiveCfg = Release|Any CPU
		{C3959843-5BA6-4F40-80C7-B74283137458}.Release|Any CPU.Build.0 = Release|Any CPU
	EndGlobalSection
EndGlobal
