Microsoft Visual Studio Solution File, Format Version 12.00
# Visual Studio 17
VisualStudioVersion = 17.8.34322.80
MinimumVisualStudioVersion = 10.0.40219.1
Project("{2150E333-8FDC-42A3-9474-1A3956D46DE8}") = "1 - Api", "1 - Api", "{94FB2088-4753-4C5C-A665-D688B90E2D6F}"
EndProject
Project("{9A19103F-16F7-4668-BE54-9A1E7A4F7556}") = "WolverineEventing.Transport.RabbitMQ.Publish.Api", "WolverineEventing.Transport.RabbitMQ.Publish.Api\WolverineEventing.Transport.RabbitMQ.Publish.Api.csproj", "{EC14D093-45B5-444D-A2F6-012B67C04EF3}"
EndProject
Project("{2150E333-8FDC-42A3-9474-1A3956D46DE8}") = "2 - Application", "2 - Application", "{559BD654-DF22-4572-93A8-EDDC5FFB2B03}"
EndProject
Project("{9A19103F-16F7-4668-BE54-9A1E7A4F7556}") = "WolverineEventing.Transport.RabbitMQ.Publish.Application", "WolverineEventing.Transport.RabbitMQ.Publish.Application\WolverineEventing.Transport.RabbitMQ.Publish.Application.csproj", "{44BD80D6-57F0-4980-A0E3-C813C7E4E976}"
EndProject
Project("{9A19103F-16F7-4668-BE54-9A1E7A4F7556}") = "WolverineEventing.Transport.RabbitMQ.Publish.Application.UnitTests", "WolverineEventing.Transport.RabbitMQ.Publish.Application.UnitTests\WolverineEventing.Transport.RabbitMQ.Publish.Application.UnitTests.csproj", "{DE8485E0-B1AF-40E8-8420-EF9DED17CB01}"
EndProject
Project("{2150E333-8FDC-42A3-9474-1A3956D46DE8}") = "3 - Domain", "3 - Domain", "{80EC4900-B760-4459-A631-93E354F0AE39}"
EndProject
Project("{9A19103F-16F7-4668-BE54-9A1E7A4F7556}") = "WolverineEventing.Transport.RabbitMQ.Publish.Domain", "WolverineEventing.Transport.RabbitMQ.Publish.Domain\WolverineEventing.Transport.RabbitMQ.Publish.Domain.csproj", "{B5B1693F-7355-430C-9DFC-26C56EED757F}"
EndProject
Project("{2150E333-8FDC-42A3-9474-1A3956D46DE8}") = "4 - Infrastructure", "4 - Infrastructure", "{28BB33F6-6841-4423-83D1-D8A8EDDEBB8A}"
EndProject
Project("{9A19103F-16F7-4668-BE54-9A1E7A4F7556}") = "WolverineEventing.Transport.RabbitMQ.Publish.Infrastructure", "WolverineEventing.Transport.RabbitMQ.Publish.Infrastructure\WolverineEventing.Transport.RabbitMQ.Publish.Infrastructure.csproj", "{6F325E77-B1F9-4961-BDBE-EBBCDC6BA487}"
EndProject
Global
	GlobalSection(SolutionConfigurationPlatforms) = preSolution
		Debug|Any CPU = Debug|Any CPU
		Release|Any CPU = Release|Any CPU
	EndGlobalSection
	GlobalSection(SolutionProperties) = preSolution
		HideSolutionNode = FALSE
	EndGlobalSection
	GlobalSection(NestedProjects) = preSolution
		{EC14D093-45B5-444D-A2F6-012B67C04EF3} = {94FB2088-4753-4C5C-A665-D688B90E2D6F}
		{44BD80D6-57F0-4980-A0E3-C813C7E4E976} = {559BD654-DF22-4572-93A8-EDDC5FFB2B03}
		{DE8485E0-B1AF-40E8-8420-EF9DED17CB01} = {559BD654-DF22-4572-93A8-EDDC5FFB2B03}
		{B5B1693F-7355-430C-9DFC-26C56EED757F} = {80EC4900-B760-4459-A631-93E354F0AE39}
		{6F325E77-B1F9-4961-BDBE-EBBCDC6BA487} = {28BB33F6-6841-4423-83D1-D8A8EDDEBB8A}
	EndGlobalSection
	GlobalSection(ProjectConfigurationPlatforms) = postSolution
		{EC14D093-45B5-444D-A2F6-012B67C04EF3}.Debug|Any CPU.ActiveCfg = Debug|Any CPU
		{EC14D093-45B5-444D-A2F6-012B67C04EF3}.Debug|Any CPU.Build.0 = Debug|Any CPU
		{EC14D093-45B5-444D-A2F6-012B67C04EF3}.Release|Any CPU.ActiveCfg = Release|Any CPU
		{EC14D093-45B5-444D-A2F6-012B67C04EF3}.Release|Any CPU.Build.0 = Release|Any CPU
		{44BD80D6-57F0-4980-A0E3-C813C7E4E976}.Debug|Any CPU.ActiveCfg = Debug|Any CPU
		{44BD80D6-57F0-4980-A0E3-C813C7E4E976}.Debug|Any CPU.Build.0 = Debug|Any CPU
		{44BD80D6-57F0-4980-A0E3-C813C7E4E976}.Release|Any CPU.ActiveCfg = Release|Any CPU
		{44BD80D6-57F0-4980-A0E3-C813C7E4E976}.Release|Any CPU.Build.0 = Release|Any CPU
		{DE8485E0-B1AF-40E8-8420-EF9DED17CB01}.Debug|Any CPU.ActiveCfg = Debug|Any CPU
		{DE8485E0-B1AF-40E8-8420-EF9DED17CB01}.Debug|Any CPU.Build.0 = Debug|Any CPU
		{DE8485E0-B1AF-40E8-8420-EF9DED17CB01}.Release|Any CPU.ActiveCfg = Release|Any CPU
		{DE8485E0-B1AF-40E8-8420-EF9DED17CB01}.Release|Any CPU.Build.0 = Release|Any CPU
		{B5B1693F-7355-430C-9DFC-26C56EED757F}.Debug|Any CPU.ActiveCfg = Debug|Any CPU
		{B5B1693F-7355-430C-9DFC-26C56EED757F}.Debug|Any CPU.Build.0 = Debug|Any CPU
		{B5B1693F-7355-430C-9DFC-26C56EED757F}.Release|Any CPU.ActiveCfg = Release|Any CPU
		{B5B1693F-7355-430C-9DFC-26C56EED757F}.Release|Any CPU.Build.0 = Release|Any CPU
		{6F325E77-B1F9-4961-BDBE-EBBCDC6BA487}.Debug|Any CPU.ActiveCfg = Debug|Any CPU
		{6F325E77-B1F9-4961-BDBE-EBBCDC6BA487}.Debug|Any CPU.Build.0 = Debug|Any CPU
		{6F325E77-B1F9-4961-BDBE-EBBCDC6BA487}.Release|Any CPU.ActiveCfg = Release|Any CPU
		{6F325E77-B1F9-4961-BDBE-EBBCDC6BA487}.Release|Any CPU.Build.0 = Release|Any CPU
	EndGlobalSection
EndGlobal
