Microsoft Visual Studio Solution File, Format Version 12.00
# Visual Studio 14
VisualStudioVersion = 14.0.25420.1
MinimumVisualStudioVersion = 10.0.40219.1
Project("{2150E333-8FDC-42A3-9474-1A3956D46DE8}") = "1 - Api", "1 - Api", "{8B5A18A5-B850-4063-8CD9-54783DD63981}"
EndProject
Project("{FFD54A85-9362-48AC-B646-C93AB9AC63D2}") = "Integration.HttpClients.TestApplication.Api", "Integration.HttpClients.TestApplication.Api\Integration.HttpClients.TestApplication.Api.csproj", "{671ADBD9-50A2-4F76-8892-02C3C85A8F13}"
EndProject
Project("{2150E333-8FDC-42A3-9474-1A3956D46DE8}") = "2 - Application", "2 - Application", "{34EACEAD-FA93-4DE1-B577-2561E0F2DA3D}"
EndProject
Project("{52B49DB5-3EA9-4095-B1A7-DF1AC22D7DAE}") = "Integration.HttpClients.TestApplication.Application", "Integration.HttpClients.TestApplication.Application\Integration.HttpClients.TestApplication.Application.csproj", "{7071084B-30D4-4E57-B0FA-A5D532E50A84}"
EndProject
Project("{2150E333-8FDC-42A3-9474-1A3956D46DE8}") = "3 - Domain", "3 - Domain", "{B7776943-D1C3-4C60-A3C1-2CB27E34202B}"
EndProject
Project("{52B49DB5-3EA9-4095-B1A7-DF1AC22D7DAE}") = "Integration.HttpClients.TestApplication.Domain", "Integration.HttpClients.TestApplication.Domain\Integration.HttpClients.TestApplication.Domain.csproj", "{149C3AE6-E2C4-4C98-83FA-497C2CA8BAF5}"
EndProject
Project("{2150E333-8FDC-42A3-9474-1A3956D46DE8}") = "4 - Infrastructure", "4 - Infrastructure", "{23B14762-6411-4E47-845C-CC5501CD3613}"
EndProject
Project("{52B49DB5-3EA9-4095-B1A7-DF1AC22D7DAE}") = "Integration.HttpClients.TestApplication.Infrastructure", "Integration.HttpClients.TestApplication.Infrastructure\Integration.HttpClients.TestApplication.Infrastructure.csproj", "{F80F559A-3A0A-4141-9B42-200A9C68F981}"
EndProject
Global
	GlobalSection(SolutionConfigurationPlatforms) = preSolution
		Debug|Any CPU = Debug|Any CPU
		Release|Any CPU = Release|Any CPU
	EndGlobalSection
	GlobalSection(ProjectConfigurationPlatforms) = postSolution
		{671ADBD9-50A2-4F76-8892-02C3C85A8F13}.Debug|Any CPU.ActiveCfg = Debug|Any CPU
		{671ADBD9-50A2-4F76-8892-02C3C85A8F13}.Debug|Any CPU.Build.0 = Debug|Any CPU
		{671ADBD9-50A2-4F76-8892-02C3C85A8F13}.Release|Any CPU.ActiveCfg = Release|Any CPU
		{671ADBD9-50A2-4F76-8892-02C3C85A8F13}.Release|Any CPU.Build.0 = Release|Any CPU
		{7071084B-30D4-4E57-B0FA-A5D532E50A84}.Debug|Any CPU.ActiveCfg = Debug|Any CPU
		{7071084B-30D4-4E57-B0FA-A5D532E50A84}.Debug|Any CPU.Build.0 = Debug|Any CPU
		{7071084B-30D4-4E57-B0FA-A5D532E50A84}.Release|Any CPU.ActiveCfg = Release|Any CPU
		{7071084B-30D4-4E57-B0FA-A5D532E50A84}.Release|Any CPU.Build.0 = Release|Any CPU
		{149C3AE6-E2C4-4C98-83FA-497C2CA8BAF5}.Debug|Any CPU.ActiveCfg = Debug|Any CPU
		{149C3AE6-E2C4-4C98-83FA-497C2CA8BAF5}.Debug|Any CPU.Build.0 = Debug|Any CPU
		{149C3AE6-E2C4-4C98-83FA-497C2CA8BAF5}.Release|Any CPU.ActiveCfg = Release|Any CPU
		{149C3AE6-E2C4-4C98-83FA-497C2CA8BAF5}.Release|Any CPU.Build.0 = Release|Any CPU
		{F80F559A-3A0A-4141-9B42-200A9C68F981}.Debug|Any CPU.ActiveCfg = Debug|Any CPU
		{F80F559A-3A0A-4141-9B42-200A9C68F981}.Debug|Any CPU.Build.0 = Debug|Any CPU
		{F80F559A-3A0A-4141-9B42-200A9C68F981}.Release|Any CPU.ActiveCfg = Release|Any CPU
		{F80F559A-3A0A-4141-9B42-200A9C68F981}.Release|Any CPU.Build.0 = Release|Any CPU
	EndGlobalSection
	GlobalSection(SolutionProperties) = preSolution
		HideSolutionNode = FALSE
	EndGlobalSection
	GlobalSection(NestedProjects) = preSolution
		{671ADBD9-50A2-4F76-8892-02C3C85A8F13} = {8B5A18A5-B850-4063-8CD9-54783DD63981}
		{7071084B-30D4-4E57-B0FA-A5D532E50A84} = {34EACEAD-FA93-4DE1-B577-2561E0F2DA3D}
		{149C3AE6-E2C4-4C98-83FA-497C2CA8BAF5} = {B7776943-D1C3-4C60-A3C1-2CB27E34202B}
		{F80F559A-3A0A-4141-9B42-200A9C68F981} = {23B14762-6411-4E47-845C-CC5501CD3613}
	EndGlobalSection
EndGlobal
