Microsoft Visual Studio Solution File, Format Version 12.00
# Visual Studio 14
VisualStudioVersion = 14.0.25420.1
MinimumVisualStudioVersion = 10.0.40219.1
Project("{2150E333-8FDC-42A3-9474-1A3956D46DE8}") = "0 - Solution Items", "0 - Solution Items", "{B63925F2-746F-44D4-9467-76201072C907}"
EndProject
Project("{2150E333-8FDC-42A3-9474-1A3956D46DE8}") = "dapr", "dapr", "{D01E990E-39D9-4E6F-85B8-A63327AF36CA}"
	ProjectSection(SolutionItems) = preProject
		dapr\config.yaml = dapr\config.yaml
	EndProjectSection
EndProject
Project("{2150E333-8FDC-42A3-9474-1A3956D46DE8}") = "components", "components", "{4A4C6FE0-4600-43B5-AE64-30068DA42D1E}"
	ProjectSection(SolutionItems) = preProject
		dapr\components\pubsub.yaml = dapr\components\pubsub.yaml
		dapr\components\statestore.yaml = dapr\components\statestore.yaml
	EndProjectSection
EndProject
Project("{2150E333-8FDC-42A3-9474-1A3956D46DE8}") = "1 - Api", "1 - Api", "{58B30CE4-0030-40D0-BD51-8A4D999217BE}"
EndProject
Project("{9A19103F-16F7-4668-BE54-9A1E7A4F7556}") = "Publish.CleanArchDapr.TestApplication.Api", "Publish.CleanArchDapr.TestApplication.Api\Publish.CleanArchDapr.TestApplication.Api.csproj", "{B504F7FC-775C-4DC1-AF48-FB1C6924692E}"
EndProject
Project("{2150E333-8FDC-42A3-9474-1A3956D46DE8}") = "2 - Application", "2 - Application", "{DA8C9BBD-8AD0-438B-A3E1-2AC6A256110A}"
EndProject
Project("{9A19103F-16F7-4668-BE54-9A1E7A4F7556}") = "Publish.CleanArchDapr.TestApplication.Application", "Publish.CleanArchDapr.TestApplication.Application\Publish.CleanArchDapr.TestApplication.Application.csproj", "{EE58CF18-6A03-45FE-A2DF-4B7E7F8E7A6B}"
EndProject
Project("{2150E333-8FDC-42A3-9474-1A3956D46DE8}") = "3 - Domain", "3 - Domain", "{FE2688E1-C80E-4C89-A8BC-981D6D6D28CA}"
EndProject
Project("{9A19103F-16F7-4668-BE54-9A1E7A4F7556}") = "Publish.CleanArchDapr.TestApplication.Domain", "Publish.CleanArchDapr.TestApplication.Domain\Publish.CleanArchDapr.TestApplication.Domain.csproj", "{53931E0B-DBE3-49C7-A233-320089381C16}"
EndProject
Project("{2150E333-8FDC-42A3-9474-1A3956D46DE8}") = "4 - Infrastructure", "4 - Infrastructure", "{30F2CFD3-4C2E-43C0-B261-DE14EA478E55}"
EndProject
Project("{9A19103F-16F7-4668-BE54-9A1E7A4F7556}") = "Publish.CleanArchDapr.TestApplication.Infrastructure", "Publish.CleanArchDapr.TestApplication.Infrastructure\Publish.CleanArchDapr.TestApplication.Infrastructure.csproj", "{4F2D1717-560E-4103-A7F7-50E9974AB530}"
EndProject
Global
	GlobalSection(SolutionConfigurationPlatforms) = preSolution
		Debug|Any CPU = Debug|Any CPU
		Release|Any CPU = Release|Any CPU
	EndGlobalSection
	GlobalSection(ProjectConfigurationPlatforms) = postSolution
		{B504F7FC-775C-4DC1-AF48-FB1C6924692E}.Debug|Any CPU.ActiveCfg = Debug|Any CPU
		{B504F7FC-775C-4DC1-AF48-FB1C6924692E}.Debug|Any CPU.Build.0 = Debug|Any CPU
		{B504F7FC-775C-4DC1-AF48-FB1C6924692E}.Release|Any CPU.ActiveCfg = Release|Any CPU
		{B504F7FC-775C-4DC1-AF48-FB1C6924692E}.Release|Any CPU.Build.0 = Release|Any CPU
		{EE58CF18-6A03-45FE-A2DF-4B7E7F8E7A6B}.Debug|Any CPU.ActiveCfg = Debug|Any CPU
		{EE58CF18-6A03-45FE-A2DF-4B7E7F8E7A6B}.Debug|Any CPU.Build.0 = Debug|Any CPU
		{EE58CF18-6A03-45FE-A2DF-4B7E7F8E7A6B}.Release|Any CPU.ActiveCfg = Release|Any CPU
		{EE58CF18-6A03-45FE-A2DF-4B7E7F8E7A6B}.Release|Any CPU.Build.0 = Release|Any CPU
		{53931E0B-DBE3-49C7-A233-320089381C16}.Debug|Any CPU.ActiveCfg = Debug|Any CPU
		{53931E0B-DBE3-49C7-A233-320089381C16}.Debug|Any CPU.Build.0 = Debug|Any CPU
		{53931E0B-DBE3-49C7-A233-320089381C16}.Release|Any CPU.ActiveCfg = Release|Any CPU
		{53931E0B-DBE3-49C7-A233-320089381C16}.Release|Any CPU.Build.0 = Release|Any CPU
		{4F2D1717-560E-4103-A7F7-50E9974AB530}.Debug|Any CPU.ActiveCfg = Debug|Any CPU
		{4F2D1717-560E-4103-A7F7-50E9974AB530}.Debug|Any CPU.Build.0 = Debug|Any CPU
		{4F2D1717-560E-4103-A7F7-50E9974AB530}.Release|Any CPU.ActiveCfg = Release|Any CPU
		{4F2D1717-560E-4103-A7F7-50E9974AB530}.Release|Any CPU.Build.0 = Release|Any CPU
	EndGlobalSection
	GlobalSection(SolutionProperties) = preSolution
		HideSolutionNode = FALSE
	EndGlobalSection
	GlobalSection(NestedProjects) = preSolution
		{D01E990E-39D9-4E6F-85B8-A63327AF36CA} = {B63925F2-746F-44D4-9467-76201072C907}
		{4A4C6FE0-4600-43B5-AE64-30068DA42D1E} = {D01E990E-39D9-4E6F-85B8-A63327AF36CA}
		{B504F7FC-775C-4DC1-AF48-FB1C6924692E} = {58B30CE4-0030-40D0-BD51-8A4D999217BE}
		{EE58CF18-6A03-45FE-A2DF-4B7E7F8E7A6B} = {DA8C9BBD-8AD0-438B-A3E1-2AC6A256110A}
		{53931E0B-DBE3-49C7-A233-320089381C16} = {FE2688E1-C80E-4C89-A8BC-981D6D6D28CA}
		{4F2D1717-560E-4103-A7F7-50E9974AB530} = {30F2CFD3-4C2E-43C0-B261-DE14EA478E55}
	EndGlobalSection
EndGlobal
