Microsoft Visual Studio Solution File, Format Version 12.00
# Visual Studio 17
VisualStudioVersion = 17.8.34322.80
MinimumVisualStudioVersion = 10.0.40219.1
Project("{2150E333-8FDC-42A3-9474-1A3956D46DE8}") = "1 - Api", "1 - Api", "{68596E8B-AB9B-4767-88B4-6BCEF416618F}"
EndProject
Project("{9A19103F-16F7-4668-BE54-9A1E7A4F7556}") = "WolverineEventing.Outbox.SqlServer.Subscribe.Api", "WolverineEventing.Outbox.SqlServer.Subscribe.Api\WolverineEventing.Outbox.SqlServer.Subscribe.Api.csproj", "{B62CB319-0D38-44B1-9742-BB0CA4659BD3}"
EndProject
Project("{2150E333-8FDC-42A3-9474-1A3956D46DE8}") = "2 - Application", "2 - Application", "{9814BE45-D21A-48F6-A1CF-7DABBC168EFE}"
EndProject
Project("{9A19103F-16F7-4668-BE54-9A1E7A4F7556}") = "WolverineEventing.Outbox.SqlServer.Subscribe.Application", "WolverineEventing.Outbox.SqlServer.Subscribe.Application\WolverineEventing.Outbox.SqlServer.Subscribe.Application.csproj", "{52174D82-A0AC-4F27-A7F6-60008E686D5F}"
EndProject
Project("{9A19103F-16F7-4668-BE54-9A1E7A4F7556}") = "WolverineEventing.Outbox.SqlServer.Subscribe.Application.UnitTests", "WolverineEventing.Outbox.SqlServer.Subscribe.Application.UnitTests\WolverineEventing.Outbox.SqlServer.Subscribe.Application.UnitTests.csproj", "{4C8C1F9B-3279-424C-A2A8-D4E5333BA8F7}"
EndProject
Project("{2150E333-8FDC-42A3-9474-1A3956D46DE8}") = "3 - Domain", "3 - Domain", "{6C2E4EC4-9A94-4B2C-B611-BDE8780C2A04}"
EndProject
Project("{9A19103F-16F7-4668-BE54-9A1E7A4F7556}") = "WolverineEventing.Outbox.SqlServer.Subscribe.Domain", "WolverineEventing.Outbox.SqlServer.Subscribe.Domain\WolverineEventing.Outbox.SqlServer.Subscribe.Domain.csproj", "{1B41FAE7-85F6-41A5-A246-D465AA2C66B4}"
EndProject
Project("{2150E333-8FDC-42A3-9474-1A3956D46DE8}") = "4 - Infrastructure", "4 - Infrastructure", "{DE1F2420-F77C-4AED-A1BC-FDFCCBFD59B4}"
EndProject
Project("{9A19103F-16F7-4668-BE54-9A1E7A4F7556}") = "WolverineEventing.Outbox.SqlServer.Subscribe.Infrastructure", "WolverineEventing.Outbox.SqlServer.Subscribe.Infrastructure\WolverineEventing.Outbox.SqlServer.Subscribe.Infrastructure.csproj", "{DA0ED92F-528F-436E-A5AD-09FE60FE04A7}"
EndProject
Global
	GlobalSection(SolutionConfigurationPlatforms) = preSolution
		Debug|Any CPU = Debug|Any CPU
		Release|Any CPU = Release|Any CPU
	EndGlobalSection
	GlobalSection(SolutionProperties) = preSolution
		HideSolutionNode = FALSE
	EndGlobalSection
	GlobalSection(NestedProjects) = preSolution
		{B62CB319-0D38-44B1-9742-BB0CA4659BD3} = {68596E8B-AB9B-4767-88B4-6BCEF416618F}
		{52174D82-A0AC-4F27-A7F6-60008E686D5F} = {9814BE45-D21A-48F6-A1CF-7DABBC168EFE}
		{4C8C1F9B-3279-424C-A2A8-D4E5333BA8F7} = {9814BE45-D21A-48F6-A1CF-7DABBC168EFE}
		{1B41FAE7-85F6-41A5-A246-D465AA2C66B4} = {6C2E4EC4-9A94-4B2C-B611-BDE8780C2A04}
		{DA0ED92F-528F-436E-A5AD-09FE60FE04A7} = {DE1F2420-F77C-4AED-A1BC-FDFCCBFD59B4}
	EndGlobalSection
	GlobalSection(ProjectConfigurationPlatforms) = postSolution
		{B62CB319-0D38-44B1-9742-BB0CA4659BD3}.Debug|Any CPU.ActiveCfg = Debug|Any CPU
		{B62CB319-0D38-44B1-9742-BB0CA4659BD3}.Debug|Any CPU.Build.0 = Debug|Any CPU
		{B62CB319-0D38-44B1-9742-BB0CA4659BD3}.Release|Any CPU.ActiveCfg = Release|Any CPU
		{B62CB319-0D38-44B1-9742-BB0CA4659BD3}.Release|Any CPU.Build.0 = Release|Any CPU
		{52174D82-A0AC-4F27-A7F6-60008E686D5F}.Debug|Any CPU.ActiveCfg = Debug|Any CPU
		{52174D82-A0AC-4F27-A7F6-60008E686D5F}.Debug|Any CPU.Build.0 = Debug|Any CPU
		{52174D82-A0AC-4F27-A7F6-60008E686D5F}.Release|Any CPU.ActiveCfg = Release|Any CPU
		{52174D82-A0AC-4F27-A7F6-60008E686D5F}.Release|Any CPU.Build.0 = Release|Any CPU
		{4C8C1F9B-3279-424C-A2A8-D4E5333BA8F7}.Debug|Any CPU.ActiveCfg = Debug|Any CPU
		{4C8C1F9B-3279-424C-A2A8-D4E5333BA8F7}.Debug|Any CPU.Build.0 = Debug|Any CPU
		{4C8C1F9B-3279-424C-A2A8-D4E5333BA8F7}.Release|Any CPU.ActiveCfg = Release|Any CPU
		{4C8C1F9B-3279-424C-A2A8-D4E5333BA8F7}.Release|Any CPU.Build.0 = Release|Any CPU
		{1B41FAE7-85F6-41A5-A246-D465AA2C66B4}.Debug|Any CPU.ActiveCfg = Debug|Any CPU
		{1B41FAE7-85F6-41A5-A246-D465AA2C66B4}.Debug|Any CPU.Build.0 = Debug|Any CPU
		{1B41FAE7-85F6-41A5-A246-D465AA2C66B4}.Release|Any CPU.ActiveCfg = Release|Any CPU
		{1B41FAE7-85F6-41A5-A246-D465AA2C66B4}.Release|Any CPU.Build.0 = Release|Any CPU
		{DA0ED92F-528F-436E-A5AD-09FE60FE04A7}.Debug|Any CPU.ActiveCfg = Debug|Any CPU
		{DA0ED92F-528F-436E-A5AD-09FE60FE04A7}.Debug|Any CPU.Build.0 = Debug|Any CPU
		{DA0ED92F-528F-436E-A5AD-09FE60FE04A7}.Release|Any CPU.ActiveCfg = Release|Any CPU
		{DA0ED92F-528F-436E-A5AD-09FE60FE04A7}.Release|Any CPU.Build.0 = Release|Any CPU
	EndGlobalSection
EndGlobal
