Microsoft Visual Studio Solution File, Format Version 12.00
# Visual Studio 17
VisualStudioVersion = 17.8.34322.80
MinimumVisualStudioVersion = 10.0.40219.1
Project("{2150E333-8FDC-42A3-9474-1A3956D46DE8}") = "1 - Api", "1 - Api", "{23B8A30C-EC65-4DB2-B236-6BC76C83367D}"
EndProject
Project("{9A19103F-16F7-4668-BE54-9A1E7A4F7556}") = "AspNetCoreCleanArchitecture.Sample.Api", "AspNetCoreCleanArchitecture.Sample.Api\AspNetCoreCleanArchitecture.Sample.Api.csproj", "{8C53BDFA-8BAF-439C-8782-EA71D589D669}"
EndProject
Project("{2150E333-8FDC-42A3-9474-1A3956D46DE8}") = "2 - Application", "2 - Application", "{4AD9552E-B7C4-48EF-B1BE-705514FACFB5}"
EndProject
Project("{9A19103F-16F7-4668-BE54-9A1E7A4F7556}") = "AspNetCoreCleanArchitecture.Sample.Application", "AspNetCoreCleanArchitecture.Sample.Application\AspNetCoreCleanArchitecture.Sample.Application.csproj", "{15B62E6B-8865-4CDB-96C9-EC3BC7AAEECE}"
EndProject
Project("{2150E333-8FDC-42A3-9474-1A3956D46DE8}") = "3 - Domain", "3 - Domain", "{274FA6D6-8FA7-4AA2-A1F2-2DEE730546B0}"
EndProject
Project("{9A19103F-16F7-4668-BE54-9A1E7A4F7556}") = "AspNetCoreCleanArchitecture.Sample.Domain", "AspNetCoreCleanArchitecture.Sample.Domain\AspNetCoreCleanArchitecture.Sample.Domain.csproj", "{E6A22837-D228-4AE8-90E2-F521416FFD2F}"
EndProject
Project("{2150E333-8FDC-42A3-9474-1A3956D46DE8}") = "4 - Infrastructure", "4 - Infrastructure", "{C0B2418C-2E29-4487-87FD-35B8000E69F4}"
EndProject
Project("{9A19103F-16F7-4668-BE54-9A1E7A4F7556}") = "AspNetCoreCleanArchitecture.Sample.Infrastructure", "AspNetCoreCleanArchitecture.Sample.Infrastructure\AspNetCoreCleanArchitecture.Sample.Infrastructure.csproj", "{D979DA9D-3BDF-4BF1-9399-F0150A200FBB}"
EndProject
Global
	GlobalSection(SolutionConfigurationPlatforms) = preSolution
		Debug|Any CPU = Debug|Any CPU
		Release|Any CPU = Release|Any CPU
	EndGlobalSection
	GlobalSection(SolutionProperties) = preSolution
		HideSolutionNode = FALSE
	EndGlobalSection
	GlobalSection(NestedProjects) = preSolution
		{8C53BDFA-8BAF-439C-8782-EA71D589D669} = {23B8A30C-EC65-4DB2-B236-6BC76C83367D}
		{15B62E6B-8865-4CDB-96C9-EC3BC7AAEECE} = {4AD9552E-B7C4-48EF-B1BE-705514FACFB5}
		{E6A22837-D228-4AE8-90E2-F521416FFD2F} = {274FA6D6-8FA7-4AA2-A1F2-2DEE730546B0}
		{D979DA9D-3BDF-4BF1-9399-F0150A200FBB} = {C0B2418C-2E29-4487-87FD-35B8000E69F4}
	EndGlobalSection
	GlobalSection(ProjectConfigurationPlatforms) = postSolution
		{8C53BDFA-8BAF-439C-8782-EA71D589D669}.Debug|Any CPU.ActiveCfg = Debug|Any CPU
		{8C53BDFA-8BAF-439C-8782-EA71D589D669}.Debug|Any CPU.Build.0 = Debug|Any CPU
		{8C53BDFA-8BAF-439C-8782-EA71D589D669}.Release|Any CPU.ActiveCfg = Release|Any CPU
		{8C53BDFA-8BAF-439C-8782-EA71D589D669}.Release|Any CPU.Build.0 = Release|Any CPU
		{15B62E6B-8865-4CDB-96C9-EC3BC7AAEECE}.Debug|Any CPU.ActiveCfg = Debug|Any CPU
		{15B62E6B-8865-4CDB-96C9-EC3BC7AAEECE}.Debug|Any CPU.Build.0 = Debug|Any CPU
		{15B62E6B-8865-4CDB-96C9-EC3BC7AAEECE}.Release|Any CPU.ActiveCfg = Release|Any CPU
		{15B62E6B-8865-4CDB-96C9-EC3BC7AAEECE}.Release|Any CPU.Build.0 = Release|Any CPU
		{E6A22837-D228-4AE8-90E2-F521416FFD2F}.Debug|Any CPU.ActiveCfg = Debug|Any CPU
		{E6A22837-D228-4AE8-90E2-F521416FFD2F}.Debug|Any CPU.Build.0 = Debug|Any CPU
		{E6A22837-D228-4AE8-90E2-F521416FFD2F}.Release|Any CPU.ActiveCfg = Release|Any CPU
		{E6A22837-D228-4AE8-90E2-F521416FFD2F}.Release|Any CPU.Build.0 = Release|Any CPU
		{D979DA9D-3BDF-4BF1-9399-F0150A200FBB}.Debug|Any CPU.ActiveCfg = Debug|Any CPU
		{D979DA9D-3BDF-4BF1-9399-F0150A200FBB}.Debug|Any CPU.Build.0 = Debug|Any CPU
		{D979DA9D-3BDF-4BF1-9399-F0150A200FBB}.Release|Any CPU.ActiveCfg = Release|Any CPU
		{D979DA9D-3BDF-4BF1-9399-F0150A200FBB}.Release|Any CPU.Build.0 = Release|Any CPU
	EndGlobalSection
EndGlobal
