Microsoft Visual Studio Solution File, Format Version 12.00
# Visual Studio 17
VisualStudioVersion = 17.8.34322.80
MinimumVisualStudioVersion = 10.0.40219.1
Project("{2150E333-8FDC-42A3-9474-1A3956D46DE8}") = "1 - Api", "1 - Api", "{3838DA0D-D07B-48FD-976E-7580E9C0BE95}"
EndProject
Project("{9A19103F-16F7-4668-BE54-9A1E7A4F7556}") = "Wolverine.AwsLambdaFunctions.Api", "Wolverine.AwsLambdaFunctions.Api\Wolverine.AwsLambdaFunctions.Api.csproj", "{9C92F54B-153B-494C-84CB-49B93F7133A7}"
EndProject
Project("{2150E333-8FDC-42A3-9474-1A3956D46DE8}") = "2 - Application", "2 - Application", "{511FC182-4579-4655-BDC4-4B71AA6A092B}"
EndProject
Project("{9A19103F-16F7-4668-BE54-9A1E7A4F7556}") = "Wolverine.AwsLambdaFunctions.Application", "Wolverine.AwsLambdaFunctions.Application\Wolverine.AwsLambdaFunctions.Application.csproj", "{E0530D5C-2C11-49C8-BB37-A1484EE4384D}"
EndProject
Project("{2150E333-8FDC-42A3-9474-1A3956D46DE8}") = "3 - Domain", "3 - Domain", "{7DE9C9E4-F6D1-488F-91A4-5BBBB6F0C7A7}"
EndProject
Project("{9A19103F-16F7-4668-BE54-9A1E7A4F7556}") = "Wolverine.AwsLambdaFunctions.Domain", "Wolverine.AwsLambdaFunctions.Domain\Wolverine.AwsLambdaFunctions.Domain.csproj", "{18D080F2-8256-4858-B075-4CCC04D2044B}"
EndProject
Project("{2150E333-8FDC-42A3-9474-1A3956D46DE8}") = "4 - Infrastructure", "4 - Infrastructure", "{F7401A04-2962-45E3-9CC6-45D44392BE77}"
EndProject
Project("{9A19103F-16F7-4668-BE54-9A1E7A4F7556}") = "Wolverine.AwsLambdaFunctions.Infrastructure", "Wolverine.AwsLambdaFunctions.Infrastructure\Wolverine.AwsLambdaFunctions.Infrastructure.csproj", "{91E20709-B5B0-446A-8739-45F57EEE92CF}"
EndProject
Global
	GlobalSection(SolutionConfigurationPlatforms) = preSolution
		Debug|Any CPU = Debug|Any CPU
		Release|Any CPU = Release|Any CPU
	EndGlobalSection
	GlobalSection(SolutionProperties) = preSolution
		HideSolutionNode = FALSE
	EndGlobalSection
	GlobalSection(NestedProjects) = preSolution
		{9C92F54B-153B-494C-84CB-49B93F7133A7} = {3838DA0D-D07B-48FD-976E-7580E9C0BE95}
		{E0530D5C-2C11-49C8-BB37-A1484EE4384D} = {511FC182-4579-4655-BDC4-4B71AA6A092B}
		{18D080F2-8256-4858-B075-4CCC04D2044B} = {7DE9C9E4-F6D1-488F-91A4-5BBBB6F0C7A7}
		{91E20709-B5B0-446A-8739-45F57EEE92CF} = {F7401A04-2962-45E3-9CC6-45D44392BE77}
	EndGlobalSection
	GlobalSection(ProjectConfigurationPlatforms) = postSolution
		{9C92F54B-153B-494C-84CB-49B93F7133A7}.Debug|Any CPU.ActiveCfg = Debug|Any CPU
		{9C92F54B-153B-494C-84CB-49B93F7133A7}.Debug|Any CPU.Build.0 = Debug|Any CPU
		{9C92F54B-153B-494C-84CB-49B93F7133A7}.Release|Any CPU.ActiveCfg = Release|Any CPU
		{9C92F54B-153B-494C-84CB-49B93F7133A7}.Release|Any CPU.Build.0 = Release|Any CPU
		{E0530D5C-2C11-49C8-BB37-A1484EE4384D}.Debug|Any CPU.ActiveCfg = Debug|Any CPU
		{E0530D5C-2C11-49C8-BB37-A1484EE4384D}.Debug|Any CPU.Build.0 = Debug|Any CPU
		{E0530D5C-2C11-49C8-BB37-A1484EE4384D}.Release|Any CPU.ActiveCfg = Release|Any CPU
		{E0530D5C-2C11-49C8-BB37-A1484EE4384D}.Release|Any CPU.Build.0 = Release|Any CPU
		{18D080F2-8256-4858-B075-4CCC04D2044B}.Debug|Any CPU.ActiveCfg = Debug|Any CPU
		{18D080F2-8256-4858-B075-4CCC04D2044B}.Debug|Any CPU.Build.0 = Debug|Any CPU
		{18D080F2-8256-4858-B075-4CCC04D2044B}.Release|Any CPU.ActiveCfg = Release|Any CPU
		{18D080F2-8256-4858-B075-4CCC04D2044B}.Release|Any CPU.Build.0 = Release|Any CPU
		{91E20709-B5B0-446A-8739-45F57EEE92CF}.Debug|Any CPU.ActiveCfg = Debug|Any CPU
		{91E20709-B5B0-446A-8739-45F57EEE92CF}.Debug|Any CPU.Build.0 = Debug|Any CPU
		{91E20709-B5B0-446A-8739-45F57EEE92CF}.Release|Any CPU.ActiveCfg = Release|Any CPU
		{91E20709-B5B0-446A-8739-45F57EEE92CF}.Release|Any CPU.Build.0 = Release|Any CPU
	EndGlobalSection
EndGlobal
