Microsoft Visual Studio Solution File, Format Version 12.00
# Visual Studio 17
VisualStudioVersion = 17.8.34322.80
MinimumVisualStudioVersion = 10.0.40219.1
Project("{9A19103F-16F7-4668-BE54-9A1E7A4F7556}") = "Blazor.InteractiveAuto.AspNetCoreIdentity", "Blazor.InteractiveAuto.AspNetCoreIdentity\Blazor.InteractiveAuto.AspNetCoreIdentity.csproj", "{D70605E2-AE9D-431A-9AC0-C46D809072D7}"
EndProject
Project("{9A19103F-16F7-4668-BE54-9A1E7A4F7556}") = "Blazor.InteractiveAuto.AspNetCoreIdentity.Client", "Blazor.InteractiveAuto.AspNetCoreIdentity.Client\Blazor.InteractiveAuto.AspNetCoreIdentity.Client.csproj", "{31002B2B-ACA8-4D46-A17F-8712CB2CA94C}"
EndProject
Global
	GlobalSection(SolutionConfigurationPlatforms) = preSolution
		Debug|Any CPU = Debug|Any CPU
		Release|Any CPU = Release|Any CPU
	EndGlobalSection
	GlobalSection(SolutionProperties) = preSolution
		HideSolutionNode = FALSE
	EndGlobalSection
	GlobalSection(ProjectConfigurationPlatforms) = postSolution
		{D70605E2-AE9D-431A-9AC0-C46D809072D7}.Debug|Any CPU.ActiveCfg = Debug|Any CPU
		{D70605E2-AE9D-431A-9AC0-C46D809072D7}.Debug|Any CPU.Build.0 = Debug|Any CPU
		{D70605E2-AE9D-431A-9AC0-C46D809072D7}.Release|Any CPU.ActiveCfg = Release|Any CPU
		{D70605E2-AE9D-431A-9AC0-C46D809072D7}.Release|Any CPU.Build.0 = Release|Any CPU
		{31002B2B-ACA8-4D46-A17F-8712CB2CA94C}.Debug|Any CPU.ActiveCfg = Debug|Any CPU
		{31002B2B-ACA8-4D46-A17F-8712CB2CA94C}.Debug|Any CPU.Build.0 = Debug|Any CPU
		{31002B2B-ACA8-4D46-A17F-8712CB2CA94C}.Release|Any CPU.ActiveCfg = Release|Any CPU
		{31002B2B-ACA8-4D46-A17F-8712CB2CA94C}.Release|Any CPU.Build.0 = Release|Any CPU
	EndGlobalSection
EndGlobal
