Microsoft Visual Studio Solution File, Format Version 12.00
# Visual Studio Version 17
VisualStudioVersion = 17.8.34322.80
MinimumVisualStudioVersion = 10.0.40219.1
Project("{2150E333-8FDC-42A3-9474-1A3956D46DE8}") = "0 - Frontend", "0 - Frontend", "{759E2603-4B40-4210-BF38-05EAC3E3C154}"
EndProject
Project("{9A19103F-16F7-4668-BE54-9A1E7A4F7556}") = "MudBlazor.Sample.Client", "MudBlazor.Sample.Client\MudBlazor.Sample.Client.csproj", "{60F6FA7D-4038-48C4-B620-A72B86197673}"
EndProject
Project("{2150E333-8FDC-42A3-9474-1A3956D46DE8}") = "1 - Api", "1 - Api", "{A0920A4B-6922-4B2C-84A5-7E4A811C06E9}"
EndProject
Project("{9A19103F-16F7-4668-BE54-9A1E7A4F7556}") = "MudBlazor.Sample.Api", "MudBlazor.Sample.Api\MudBlazor.Sample.Api.csproj", "{EC05FEB2-EDA2-49DD-8C98-8326C87A0B50}"
EndProject
Project("{2150E333-8FDC-42A3-9474-1A3956D46DE8}") = "2 - Application", "2 - Application", "{50F3A4F5-C943-4D90-9286-A19F92A19A12}"
EndProject
Project("{9A19103F-16F7-4668-BE54-9A1E7A4F7556}") = "MudBlazor.Sample.Application", "MudBlazor.Sample.Application\MudBlazor.Sample.Application.csproj", "{0A044D1A-85E5-4B93-B7E2-FBA6F05B9AB3}"
EndProject
Project("{2150E333-8FDC-42A3-9474-1A3956D46DE8}") = "3 - Domain", "3 - Domain", "{39B47849-D29A-478D-A106-78266AE4EEC9}"
EndProject
Project("{9A19103F-16F7-4668-BE54-9A1E7A4F7556}") = "MudBlazor.Sample.Domain", "MudBlazor.Sample.Domain\MudBlazor.Sample.Domain.csproj", "{9206BA4F-99EC-4D8B-BADD-014536D776F3}"
EndProject
Project("{2150E333-8FDC-42A3-9474-1A3956D46DE8}") = "4 - Infrastructure", "4 - Infrastructure", "{AE75343D-29A7-4927-BE4C-476C96B60D22}"
EndProject
Project("{9A19103F-16F7-4668-BE54-9A1E7A4F7556}") = "MudBlazor.Sample.Infrastructure", "MudBlazor.Sample.Infrastructure\MudBlazor.Sample.Infrastructure.csproj", "{399D7A4C-1605-4834-9220-D074F65185D0}"
EndProject
Project("{2150E333-8FDC-42A3-9474-1A3956D46DE8}") = "Solution Items", "Solution Items", "{8EC462FD-D22E-90A8-E5CE-7E832BA40C5D}"
	ProjectSection(SolutionItems) = preProject
		README.md = README.md
	EndProjectSection
EndProject
Global
	GlobalSection(SolutionConfigurationPlatforms) = preSolution
		Debug|Any CPU = Debug|Any CPU
		Release|Any CPU = Release|Any CPU
	EndGlobalSection
	GlobalSection(ProjectConfigurationPlatforms) = postSolution
		{60F6FA7D-4038-48C4-B620-A72B86197673}.Debug|Any CPU.ActiveCfg = Debug|Any CPU
		{60F6FA7D-4038-48C4-B620-A72B86197673}.Debug|Any CPU.Build.0 = Debug|Any CPU
		{60F6FA7D-4038-48C4-B620-A72B86197673}.Release|Any CPU.ActiveCfg = Release|Any CPU
		{60F6FA7D-4038-48C4-B620-A72B86197673}.Release|Any CPU.Build.0 = Release|Any CPU
		{EC05FEB2-EDA2-49DD-8C98-8326C87A0B50}.Debug|Any CPU.ActiveCfg = Debug|Any CPU
		{EC05FEB2-EDA2-49DD-8C98-8326C87A0B50}.Debug|Any CPU.Build.0 = Debug|Any CPU
		{EC05FEB2-EDA2-49DD-8C98-8326C87A0B50}.Release|Any CPU.ActiveCfg = Release|Any CPU
		{EC05FEB2-EDA2-49DD-8C98-8326C87A0B50}.Release|Any CPU.Build.0 = Release|Any CPU
		{0A044D1A-85E5-4B93-B7E2-FBA6F05B9AB3}.Debug|Any CPU.ActiveCfg = Debug|Any CPU
		{0A044D1A-85E5-4B93-B7E2-FBA6F05B9AB3}.Debug|Any CPU.Build.0 = Debug|Any CPU
		{0A044D1A-85E5-4B93-B7E2-FBA6F05B9AB3}.Release|Any CPU.ActiveCfg = Release|Any CPU
		{0A044D1A-85E5-4B93-B7E2-FBA6F05B9AB3}.Release|Any CPU.Build.0 = Release|Any CPU
		{9206BA4F-99EC-4D8B-BADD-014536D776F3}.Debug|Any CPU.ActiveCfg = Debug|Any CPU
		{9206BA4F-99EC-4D8B-BADD-014536D776F3}.Debug|Any CPU.Build.0 = Debug|Any CPU
		{9206BA4F-99EC-4D8B-BADD-014536D776F3}.Release|Any CPU.ActiveCfg = Release|Any CPU
		{9206BA4F-99EC-4D8B-BADD-014536D776F3}.Release|Any CPU.Build.0 = Release|Any CPU
		{399D7A4C-1605-4834-9220-D074F65185D0}.Debug|Any CPU.ActiveCfg = Debug|Any CPU
		{399D7A4C-1605-4834-9220-D074F65185D0}.Debug|Any CPU.Build.0 = Debug|Any CPU
		{399D7A4C-1605-4834-9220-D074F65185D0}.Release|Any CPU.ActiveCfg = Release|Any CPU
		{399D7A4C-1605-4834-9220-D074F65185D0}.Release|Any CPU.Build.0 = Release|Any CPU
	EndGlobalSection
	GlobalSection(SolutionProperties) = preSolution
		HideSolutionNode = FALSE
	EndGlobalSection
	GlobalSection(NestedProjects) = preSolution
		{60F6FA7D-4038-48C4-B620-A72B86197673} = {759E2603-4B40-4210-BF38-05EAC3E3C154}
		{EC05FEB2-EDA2-49DD-8C98-8326C87A0B50} = {A0920A4B-6922-4B2C-84A5-7E4A811C06E9}
		{0A044D1A-85E5-4B93-B7E2-FBA6F05B9AB3} = {50F3A4F5-C943-4D90-9286-A19F92A19A12}
		{9206BA4F-99EC-4D8B-BADD-014536D776F3} = {39B47849-D29A-478D-A106-78266AE4EEC9}
		{399D7A4C-1605-4834-9220-D074F65185D0} = {AE75343D-29A7-4927-BE4C-476C96B60D22}
	EndGlobalSection
	GlobalSection(ExtensibilityGlobals) = postSolution
		SolutionGuid = {EC5870B6-9A22-4FEE-8E2D-FDDFCF7133C6}
	EndGlobalSection
EndGlobal
